# This file is automatically @generated by Cargo.
# It is not intended for manual editing.
version = 4

[[package]]
name = "color"
version = "0.3.3"
source = "registry+https://github.com/rust-lang/crates.io-index"
checksum = "2ec7c5eb7a16992b1904d76c517d170ab353b0e0b3d5a0c81a8a0cd1037893cf"

[[package]]
name = "colorcol"
version = "0.1.0"
dependencies = [
 "color",
]
